
Microsoft Visual Studio Solution File, Format Version 12.00
# Visual Studio 15
VisualStudioVersion = 15.0.26730.16
MinimumVisualStudioVersion = 10.0.40219.1
Project("{E24C65DC-7377-472B-9ABA-BC803B73C61A}") = "Scoreboard", ".", "{0E5E712B-34A4-4C8C-B70B-6D004626A9DF}"
	ProjectSection(WebsiteProperties) = preProject
		TargetFrameworkMoniker = ".NETFramework,Version%3Dv4.0"
		Debug.AspNetCompiler.VirtualPath = "/localhost_49901"
		Debug.AspNetCompiler.PhysicalPath = "..\Scoreboard\"
		Debug.AspNetCompiler.TargetPath = "PrecompiledWeb\localhost_49901\"
		Debug.AspNetCompiler.Updateable = "true"
		Debug.AspNetCompiler.ForceOverwrite = "true"
		Debug.AspNetCompiler.FixedNames = "false"
		Debug.AspNetCompiler.Debug = "True"
		Release.AspNetCompiler.VirtualPath = "/localhost_49901"
		Release.AspNetCompiler.PhysicalPath = "..\Scoreboard\"
		Release.AspNetCompiler.TargetPath = "PrecompiledWeb\localhost_49901\"
		Release.AspNetCompiler.Updateable = "true"
		Release.AspNetCompiler.ForceOverwrite = "true"
		Release.AspNetCompiler.FixedNames = "false"
		Release.AspNetCompiler.Debug = "False"
		VWDPort = "49901"
		SlnRelativePath = "..\Scoreboard\"
	EndProjectSection
EndProject
Global
	GlobalSection(SolutionConfigurationPlatforms) = preSolution
		Debug|Any CPU = Debug|Any CPU
	EndGlobalSection
	GlobalSection(ProjectConfigurationPlatforms) = postSolution
		{0E5E712B-34A4-4C8C-B70B-6D004626A9DF}.Debug|Any CPU.ActiveCfg = Debug|Any CPU
		{0E5E712B-34A4-4C8C-B70B-6D004626A9DF}.Debug|Any CPU.Build.0 = Debug|Any CPU
	EndGlobalSection
	GlobalSection(SolutionProperties) = preSolution
		HideSolutionNode = FALSE
	EndGlobalSection
	GlobalSection(ExtensibilityGlobals) = postSolution
		SolutionGuid = {2EC60815-79E4-492F-A02D-15DF2DAE5787}
	EndGlobalSection
EndGlobal
